
Microsoft Visual Studio Solution File, Format Version 12.00
# Visual Studio Version 16
VisualStudioVersion = 16.0.30523.141
MinimumVisualStudioVersion = 10.0.40219.1
Project("{FAE04EC0-301F-11D3-BF4B-00C04F79EFBC}") = "Bank-web", "Bank-web.csproj", "{F22DDDB6-4106-4F7C-BD92-B024E095E2F2}"
EndProject
Global
	GlobalSection(SolutionConfigurationPlatforms) = preSolution
		Debug|Any CPU = Debug|Any CPU
		Release|Any CPU = Release|Any CPU
	EndGlobalSection
	GlobalSection(ProjectConfigurationPlatforms) = postSolution
		{F22DDDB6-4106-4F7C-BD92-B024E095E2F2}.Debug|Any CPU.ActiveCfg = Debug|Any CPU
		{F22DDDB6-4106-4F7C-BD92-B024E095E2F2}.Debug|Any CPU.Build.0 = Debug|Any CPU
		{F22DDDB6-4106-4F7C-BD92-B024E095E2F2}.Release|Any CPU.ActiveCfg = Release|Any CPU
		{F22DDDB6-4106-4F7C-BD92-B024E095E2F2}.Release|Any CPU.Build.0 = Release|Any CPU
	EndGlobalSection
	GlobalSection(SolutionProperties) = preSolution
		HideSolutionNode = FALSE
	EndGlobalSection
	GlobalSection(ExtensibilityGlobals) = postSolution
		SolutionGuid = {F703CD14-F2EC-4CD1-B72F-B3B30A4AEC33}
	EndGlobalSection
EndGlobal
